
Microsoft Visual Studio Solution File, Format Version 12.00
# Visual Studio 15
VisualStudioVersion = 15.0.28010.2036
MinimumVisualStudioVersion = 10.0.40219.1
Project("{FAE04EC0-301F-11D3-BF4B-00C04F79EFBC}") = "ProyectoSabado", "ProyectoSabado\ProyectoSabado.csproj", "{2680D208-83F7-4124-9ECF-C1C1882F4D6C}"
EndProject
Global
	GlobalSection(SolutionConfigurationPlatforms) = preSolution
		Debug|Any CPU = Debug|Any CPU
		Release|Any CPU = Release|Any CPU
	EndGlobalSection
	GlobalSection(ProjectConfigurationPlatforms) = postSolution
		{2680D208-83F7-4124-9ECF-C1C1882F4D6C}.Debug|Any CPU.ActiveCfg = Debug|Any CPU
		{2680D208-83F7-4124-9ECF-C1C1882F4D6C}.Debug|Any CPU.Build.0 = Debug|Any CPU
		{2680D208-83F7-4124-9ECF-C1C1882F4D6C}.Release|Any CPU.ActiveCfg = Release|Any CPU
		{2680D208-83F7-4124-9ECF-C1C1882F4D6C}.Release|Any CPU.Build.0 = Release|Any CPU
	EndGlobalSection
	GlobalSection(SolutionProperties) = preSolution
		HideSolutionNode = FALSE
	EndGlobalSection
	GlobalSection(ExtensibilityGlobals) = postSolution
		SolutionGuid = {BF1810A1-DFC8-4E4B-85A0-0AF55CC93344}
	EndGlobalSection
EndGlobal
