
Microsoft Visual Studio Solution File, Format Version 12.00
# Visual Studio 15
VisualStudioVersion = 15.0.27703.2047
MinimumVisualStudioVersion = 10.0.40219.1
Project("{FAE04EC0-301F-11D3-BF4B-00C04F79EFBC}") = "Practica_Metodos2", "Practica_Metodos2\Practica_Metodos2.csproj", "{470B8963-69AF-456B-B6F3-BFFEA5156531}"
EndProject
Global
	GlobalSection(SolutionConfigurationPlatforms) = preSolution
		Debug|Any CPU = Debug|Any CPU
		Release|Any CPU = Release|Any CPU
	EndGlobalSection
	GlobalSection(ProjectConfigurationPlatforms) = postSolution
		{470B8963-69AF-456B-B6F3-BFFEA5156531}.Debug|Any CPU.ActiveCfg = Debug|Any CPU
		{470B8963-69AF-456B-B6F3-BFFEA5156531}.Debug|Any CPU.Build.0 = Debug|Any CPU
		{470B8963-69AF-456B-B6F3-BFFEA5156531}.Release|Any CPU.ActiveCfg = Release|Any CPU
		{470B8963-69AF-456B-B6F3-BFFEA5156531}.Release|Any CPU.Build.0 = Release|Any CPU
	EndGlobalSection
	GlobalSection(SolutionProperties) = preSolution
		HideSolutionNode = FALSE
	EndGlobalSection
	GlobalSection(ExtensibilityGlobals) = postSolution
		SolutionGuid = {B37B3B63-1ED1-46CD-924E-54D90BDAA67F}
	EndGlobalSection
EndGlobal
