
Microsoft Visual Studio Solution File, Format Version 12.00
# Visual Studio 15
VisualStudioVersion = 15.0.27703.2047
MinimumVisualStudioVersion = 10.0.40219.1
Project("{FAE04EC0-301F-11D3-BF4B-00C04F79EFBC}") = "Clase_Sabado", "Clase_Sabado\Clase_Sabado.csproj", "{A5CA7606-1A5C-461B-BEF6-E6CE9DEE4855}"
EndProject
Global
	GlobalSection(SolutionConfigurationPlatforms) = preSolution
		Debug|Any CPU = Debug|Any CPU
		Release|Any CPU = Release|Any CPU
	EndGlobalSection
	GlobalSection(ProjectConfigurationPlatforms) = postSolution
		{A5CA7606-1A5C-461B-BEF6-E6CE9DEE4855}.Debug|Any CPU.ActiveCfg = Debug|Any CPU
		{A5CA7606-1A5C-461B-BEF6-E6CE9DEE4855}.Debug|Any CPU.Build.0 = Debug|Any CPU
		{A5CA7606-1A5C-461B-BEF6-E6CE9DEE4855}.Release|Any CPU.ActiveCfg = Release|Any CPU
		{A5CA7606-1A5C-461B-BEF6-E6CE9DEE4855}.Release|Any CPU.Build.0 = Release|Any CPU
	EndGlobalSection
	GlobalSection(SolutionProperties) = preSolution
		HideSolutionNode = FALSE
	EndGlobalSection
	GlobalSection(ExtensibilityGlobals) = postSolution
		SolutionGuid = {1EE1C7DD-3D02-4772-822E-E6FE98A747F5}
	EndGlobalSection
EndGlobal
