
Microsoft Visual Studio Solution File, Format Version 12.00
# Visual Studio 15
VisualStudioVersion = 15.0.27703.2047
MinimumVisualStudioVersion = 10.0.40219.1
Project("{FAE04EC0-301F-11D3-BF4B-00C04F79EFBC}") = "ClaseSabado", "ClaseSabado\ClaseSabado.csproj", "{C3DA2054-B169-4619-880F-D0363F5F393E}"
EndProject
Global
	GlobalSection(SolutionConfigurationPlatforms) = preSolution
		Debug|Any CPU = Debug|Any CPU
		Release|Any CPU = Release|Any CPU
	EndGlobalSection
	GlobalSection(ProjectConfigurationPlatforms) = postSolution
		{C3DA2054-B169-4619-880F-D0363F5F393E}.Debug|Any CPU.ActiveCfg = Debug|Any CPU
		{C3DA2054-B169-4619-880F-D0363F5F393E}.Debug|Any CPU.Build.0 = Debug|Any CPU
		{C3DA2054-B169-4619-880F-D0363F5F393E}.Release|Any CPU.ActiveCfg = Release|Any CPU
		{C3DA2054-B169-4619-880F-D0363F5F393E}.Release|Any CPU.Build.0 = Release|Any CPU
	EndGlobalSection
	GlobalSection(SolutionProperties) = preSolution
		HideSolutionNode = FALSE
	EndGlobalSection
	GlobalSection(ExtensibilityGlobals) = postSolution
		SolutionGuid = {22C75061-C3C1-45B9-84D5-CF4772C04935}
	EndGlobalSection
EndGlobal
