
Microsoft Visual Studio Solution File, Format Version 12.00
# Visual Studio 15
VisualStudioVersion = 15.0.27703.2047
MinimumVisualStudioVersion = 10.0.40219.1
Project("{FAE04EC0-301F-11D3-BF4B-00C04F79EFBC}") = "CondicionalIF_2", "CondicionalIF_2\CondicionalIF_2.csproj", "{90CB8B8B-C562-4680-961B-37140B5DD188}"
EndProject
Global
	GlobalSection(SolutionConfigurationPlatforms) = preSolution
		Debug|Any CPU = Debug|Any CPU
		Release|Any CPU = Release|Any CPU
	EndGlobalSection
	GlobalSection(ProjectConfigurationPlatforms) = postSolution
		{90CB8B8B-C562-4680-961B-37140B5DD188}.Debug|Any CPU.ActiveCfg = Debug|Any CPU
		{90CB8B8B-C562-4680-961B-37140B5DD188}.Debug|Any CPU.Build.0 = Debug|Any CPU
		{90CB8B8B-C562-4680-961B-37140B5DD188}.Release|Any CPU.ActiveCfg = Release|Any CPU
		{90CB8B8B-C562-4680-961B-37140B5DD188}.Release|Any CPU.Build.0 = Release|Any CPU
	EndGlobalSection
	GlobalSection(SolutionProperties) = preSolution
		HideSolutionNode = FALSE
	EndGlobalSection
	GlobalSection(ExtensibilityGlobals) = postSolution
		SolutionGuid = {7A213734-DA76-4650-BD87-D8421EC2DF09}
	EndGlobalSection
EndGlobal
