
Microsoft Visual Studio Solution File, Format Version 12.00
# Visual Studio 15
VisualStudioVersion = 15.0.28307.168
MinimumVisualStudioVersion = 10.0.40219.1
Project("{FAE04EC0-301F-11D3-BF4B-00C04F79EFBC}") = "ConceptoPOO", "ConceptoPOO\ConceptoPOO.csproj", "{DFB00383-21F0-4206-9F28-357B60B63AD0}"
EndProject
Global
	GlobalSection(SolutionConfigurationPlatforms) = preSolution
		Debug|Any CPU = Debug|Any CPU
		Release|Any CPU = Release|Any CPU
	EndGlobalSection
	GlobalSection(ProjectConfigurationPlatforms) = postSolution
		{DFB00383-21F0-4206-9F28-357B60B63AD0}.Debug|Any CPU.ActiveCfg = Debug|Any CPU
		{DFB00383-21F0-4206-9F28-357B60B63AD0}.Debug|Any CPU.Build.0 = Debug|Any CPU
		{DFB00383-21F0-4206-9F28-357B60B63AD0}.Release|Any CPU.ActiveCfg = Release|Any CPU
		{DFB00383-21F0-4206-9F28-357B60B63AD0}.Release|Any CPU.Build.0 = Release|Any CPU
	EndGlobalSection
	GlobalSection(SolutionProperties) = preSolution
		HideSolutionNode = FALSE
	EndGlobalSection
	GlobalSection(ExtensibilityGlobals) = postSolution
		SolutionGuid = {40B31E57-3F2E-4C9E-8B09-C95D1118A2D2}
	EndGlobalSection
EndGlobal
