
Microsoft Visual Studio Solution File, Format Version 12.00
# Visual Studio 15
VisualStudioVersion = 15.0.27703.2047
MinimumVisualStudioVersion = 10.0.40219.1
Project("{FAE04EC0-301F-11D3-BF4B-00C04F79EFBC}") = "WpfApp1", "WpfApp1\WpfApp1.csproj", "{24E0F470-5220-4373-B41E-B50C7363E747}"
EndProject
Global
	GlobalSection(SolutionConfigurationPlatforms) = preSolution
		Debug|Any CPU = Debug|Any CPU
		Release|Any CPU = Release|Any CPU
	EndGlobalSection
	GlobalSection(ProjectConfigurationPlatforms) = postSolution
		{24E0F470-5220-4373-B41E-B50C7363E747}.Debug|Any CPU.ActiveCfg = Debug|Any CPU
		{24E0F470-5220-4373-B41E-B50C7363E747}.Debug|Any CPU.Build.0 = Debug|Any CPU
		{24E0F470-5220-4373-B41E-B50C7363E747}.Release|Any CPU.ActiveCfg = Release|Any CPU
		{24E0F470-5220-4373-B41E-B50C7363E747}.Release|Any CPU.Build.0 = Release|Any CPU
	EndGlobalSection
	GlobalSection(SolutionProperties) = preSolution
		HideSolutionNode = FALSE
	EndGlobalSection
	GlobalSection(ExtensibilityGlobals) = postSolution
		SolutionGuid = {95EC0F5E-3A65-4861-B736-EF3AB0750DFA}
	EndGlobalSection
EndGlobal
